{
  "object": {
    "pins": [
      {
        "package": "CTNotificationService",
        "repositoryURL": "https://github.com/CleverTap/CTNotificationService",
        "state": {
          "branch": null,
          "revision": "65a583efc33db7b959059fe25240e872ab1c16ff",
          "version": null
        }
      }
    ]
  },
  "version": 1
}
