{
  "object": {
    "pins": [
      {
        "package": "CTNotificationService",
        "repositoryURL": "https://github.com/CleverTap/CTNotificationService.git",
        "state": {
          "branch": null,
          "revision": "a5d6f1ae55abba8d0577a86c8dd7043cce93261c",
          "version": null
        }
      }
    ]
  },
  "version": 1
}
