{
  "object": {
    "pins": [
      {
        "package": "CTNotificationService",
        "repositoryURL": "https://github.com/CleverTap/CTNotificationService.git",
        "state": {
          "branch": null,
          "revision": "44810748d41b38e870266e9f7223993f118e6151",
          "version": null
        }
      }
    ]
  },
  "version": 1
}
