PODS:
  - CleverTap-iOS-SDK (3.1.2):
    - CleverTap-iOS-SDK/Main (= 3.1.2)
  - CleverTap-iOS-SDK/Main (3.1.2)
  - CTNotificationService (0.1.0)

DEPENDENCIES:
  - CleverTap-iOS-SDK
  - CTNotificationService

SPEC CHECKSUMS:
  CleverTap-iOS-SDK: c054bb514fd8efafc92180acf234711097ad6773
  CTNotificationService: 7838aa009dc85eed8c2f240c1f39d8ce6149f9f6

PODFILE CHECKSUM: 68c2c94e1cc2f641882180b45d1b1d33a048ddac

COCOAPODS: 1.1.1
